// !$*UTF8*$!
{
	archiveVersion = 1;
	classes = {
	};
	objectVersion = 48;
	objects = {

/* Begin PBXBuildFile section */
		41D8A2FF966A308E5613E812 /* Pods_Bought.framework in Frameworks */ = {isa = PBXBuildFile; fileRef = 7B2CA824DB150F628ACA92AC /* Pods_Bought.framework */; };
		D34302AF209BA249006D48FC /* TripTableViewController.swift in Sources */ = {isa = PBXBuildFile; fileRef = D34302AE209BA249006D48FC /* TripTableViewController.swift */; };
		D3ADEBCB2048BA7A000EF54B /* EditItemViewController.swift in Sources */ = {isa = PBXBuildFile; fileRef = D3ADEBCA2048BA7A000EF54B /* EditItemViewController.swift */; };
		D3DAF973202A6343009DA521 /* AppDelegate.swift in Sources */ = {isa = PBXBuildFile; fileRef = D3DAF972202A6343009DA521 /* AppDelegate.swift */; };
		D3DAF978202A6343009DA521 /* Main.storyboard in Resources */ = {isa = PBXBuildFile; fileRef = D3DAF976202A6343009DA521 /* Main.storyboard */; };
		D3DAF97A202A6343009DA521 /* Assets.xcassets in Resources */ = {isa = PBXBuildFile; fileRef = D3DAF979202A6343009DA521 /* Assets.xcassets */; };
		D3DAF97D202A6343009DA521 /* LaunchScreen.storyboard in Resources */ = {isa = PBXBuildFile; fileRef = D3DAF97B202A6343009DA521 /* LaunchScreen.storyboard */; };
		D3EE9D6D202A650500F8ED6C /* WelcomeViewController.swift in Sources */ = {isa = PBXBuildFile; fileRef = D3EE9D6C202A650500F8ED6C /* WelcomeViewController.swift */; };
		D3EE9D6E202A6B6F00F8ED6C /* GoogleService-Info.plist in Resources */ = {isa = PBXBuildFile; fileRef = D3DAF984202A63D6009DA521 /* GoogleService-Info.plist */; };
		D3EE9D70202B2D4E00F8ED6C /* LoginViewController.swift in Sources */ = {isa = PBXBuildFile; fileRef = D3EE9D6F202B2D4E00F8ED6C /* LoginViewController.swift */; };
		D3EE9D72202B2D5F00F8ED6C /* RegisterViewController.swift in Sources */ = {isa = PBXBuildFile; fileRef = D3EE9D71202B2D5F00F8ED6C /* RegisterViewController.swift */; };
		D3EE9D74202B793700F8ED6C /* TripModel.swift in Sources */ = {isa = PBXBuildFile; fileRef = D3EE9D73202B793700F8ED6C /* TripModel.swift */; };
		D3EE9D76202B79FF00F8ED6C /* Item.swift in Sources */ = {isa = PBXBuildFile; fileRef = D3EE9D75202B79FF00F8ED6C /* Item.swift */; };
		D3EE9D78202B84C200F8ED6C /* ListTableViewController.swift in Sources */ = {isa = PBXBuildFile; fileRef = D3EE9D77202B84C200F8ED6C /* ListTableViewController.swift */; };
/* End PBXBuildFile section */

/* Begin PBXFileReference section */
		7B2CA824DB150F628ACA92AC /* Pods_Bought.framework */ = {isa = PBXFileReference; explicitFileType = wrapper.framework; includeInIndex = 0; path = Pods_Bought.framework; sourceTree = BUILT_PRODUCTS_DIR; };
		B095EDDDD7CF2F156CE1F0DB /* Pods-Bought.debug.xcconfig */ = {isa = PBXFileReference; includeInIndex = 1; lastKnownFileType = text.xcconfig; name = "Pods-Bought.debug.xcconfig"; path = "Pods/Target Support Files/Pods-Bought/Pods-Bought.debug.xcconfig"; sourceTree = "<group>"; };
		BB0A1B50AD21636010C171B9 /* Pods-Bought.release.xcconfig */ = {isa = PBXFileReference; includeInIndex = 1; lastKnownFileType = text.xcconfig; name = "Pods-Bought.release.xcconfig"; path = "Pods/Target Support Files/Pods-Bought/Pods-Bought.release.xcconfig"; sourceTree = "<group>"; };
		D34302AE209BA249006D48FC /* TripTableViewController.swift */ = {isa = PBXFileReference; lastKnownFileType = sourcecode.swift; path = TripTableViewController.swift; sourceTree = "<group>"; };
		D3ADEBCA2048BA7A000EF54B /* EditItemViewController.swift */ = {isa = PBXFileReference; lastKnownFileType = sourcecode.swift; path = EditItemViewController.swift; sourceTree = "<group>"; };
		D3DAF96F202A6343009DA521 /* Bought.app */ = {isa = PBXFileReference; explicitFileType = wrapper.application; includeInIndex = 0; path = Bought.app; sourceTree = BUILT_PRODUCTS_DIR; };
		D3DAF972202A6343009DA521 /* AppDelegate.swift */ = {isa = PBXFileReference; lastKnownFileType = sourcecode.swift; path = AppDelegate.swift; sourceTree = "<group>"; };
		D3DAF977202A6343009DA521 /* Base */ = {isa = PBXFileReference; lastKnownFileType = file.storyboard; name = Base; path = Base.lproj/Main.storyboard; sourceTree = "<group>"; };
		D3DAF979202A6343009DA521 /* Assets.xcassets */ = {isa = PBXFileReference; lastKnownFileType = folder.assetcatalog; path = Assets.xcassets; sourceTree = "<group>"; };
		D3DAF97C202A6343009DA521 /* Base */ = {isa = PBXFileReference; lastKnownFileType = file.storyboard; name = Base; path = Base.lproj/LaunchScreen.storyboard; sourceTree = "<group>"; };
		D3DAF97E202A6343009DA521 /* Info.plist */ = {isa = PBXFileReference; lastKnownFileType = text.plist.xml; name = Info.plist; path = Bought/Info.plist; sourceTree = SOURCE_ROOT; };
		D3DAF984202A63D6009DA521 /* GoogleService-Info.plist */ = {isa = PBXFileReference; lastKnownFileType = text.plist.xml; path = "GoogleService-Info.plist"; sourceTree = "<group>"; };
		D3EE9D6C202A650500F8ED6C /* WelcomeViewController.swift */ = {isa = PBXFileReference; lastKnownFileType = sourcecode.swift; path = WelcomeViewController.swift; sourceTree = "<group>"; };
		D3EE9D6F202B2D4E00F8ED6C /* LoginViewController.swift */ = {isa = PBXFileReference; lastKnownFileType = sourcecode.swift; path = LoginViewController.swift; sourceTree = "<group>"; };
		D3EE9D71202B2D5F00F8ED6C /* RegisterViewController.swift */ = {isa = PBXFileReference; lastKnownFileType = sourcecode.swift; path = RegisterViewController.swift; sourceTree = "<group>"; };
		D3EE9D73202B793700F8ED6C /* TripModel.swift */ = {isa = PBXFileReference; lastKnownFileType = sourcecode.swift; path = TripModel.swift; sourceTree = "<group>"; };
		D3EE9D75202B79FF00F8ED6C /* Item.swift */ = {isa = PBXFileReference; lastKnownFileType = sourcecode.swift; path = Item.swift; sourceTree = "<group>"; };
		D3EE9D77202B84C200F8ED6C /* ListTableViewController.swift */ = {isa = PBXFileReference; lastKnownFileType = sourcecode.swift; path = ListTableViewController.swift; sourceTree = "<group>"; };
/* End PBXFileReference section */

/* Begin PBXFrameworksBuildPhase section */
		D3DAF96C202A6343009DA521 /* Frameworks */ = {
			isa = PBXFrameworksBuildPhase;
			buildActionMask = 2147483647;
			files = (
				41D8A2FF966A308E5613E812 /* Pods_Bought.framework in Frameworks */,
			);
			runOnlyForDeploymentPostprocessing = 0;
		};
/* End PBXFrameworksBuildPhase section */

/* Begin PBXGroup section */
		D3DAF966202A6342009DA521 = {
			isa = PBXGroup;
			children = (
				D3DAF971202A6343009DA521 /* Bought */,
				D3DAF970202A6343009DA521 /* Products */,
				ECB5AF3772EEC9FB872AAB5A /* Pods */,
				FA038050910F263F495BFF6E /* Frameworks */,
			);
			sourceTree = "<group>";
		};
		D3DAF970202A6343009DA521 /* Products */ = {
			isa = PBXGroup;
			children = (
				D3DAF96F202A6343009DA521 /* Bought.app */,
			);
			name = Products;
			sourceTree = "<group>";
		};
		D3DAF971202A6343009DA521 /* Bought */ = {
			isa = PBXGroup;
			children = (
				D3DAF97E202A6343009DA521 /* Info.plist */,
				D3DAF988202A640A009DA521 /* Utils */,
				D3DAF987202A63F6009DA521 /* Model */,
				D3DAF986202A63EC009DA521 /* Controller */,
				D3DAF985202A63E4009DA521 /* View */,
			);
			path = Bought;
			sourceTree = "<group>";
		};
		D3DAF985202A63E4009DA521 /* View */ = {
			isa = PBXGroup;
			children = (
				D3DAF979202A6343009DA521 /* Assets.xcassets */,
				D3DAF97B202A6343009DA521 /* LaunchScreen.storyboard */,
				D3DAF976202A6343009DA521 /* Main.storyboard */,
			);
			path = View;
			sourceTree = "<group>";
		};
		D3DAF986202A63EC009DA521 /* Controller */ = {
			isa = PBXGroup;
			children = (
				D3DAF972202A6343009DA521 /* AppDelegate.swift */,
				D3EE9D6C202A650500F8ED6C /* WelcomeViewController.swift */,
				D3EE9D6F202B2D4E00F8ED6C /* LoginViewController.swift */,
				D3EE9D71202B2D5F00F8ED6C /* RegisterViewController.swift */,
				D3EE9D77202B84C200F8ED6C /* ListTableViewController.swift */,
				D34302AE209BA249006D48FC /* TripTableViewController.swift */,
				D3ADEBCA2048BA7A000EF54B /* EditItemViewController.swift */,
			);
			path = Controller;
			sourceTree = "<group>";
		};
		D3DAF987202A63F6009DA521 /* Model */ = {
			isa = PBXGroup;
			children = (
				D3EE9D73202B793700F8ED6C /* TripModel.swift */,
				D3EE9D75202B79FF00F8ED6C /* Item.swift */,
			);
			path = Model;
			sourceTree = "<group>";
		};
		D3DAF988202A640A009DA521 /* Utils */ = {
			isa = PBXGroup;
			children = (
				D3DAF984202A63D6009DA521 /* GoogleService-Info.plist */,
			);
			path = Utils;
			sourceTree = "<group>";
		};
		ECB5AF3772EEC9FB872AAB5A /* Pods */ = {
			isa = PBXGroup;
			children = (
				B095EDDDD7CF2F156CE1F0DB /* Pods-Bought.debug.xcconfig */,
				BB0A1B50AD21636010C171B9 /* Pods-Bought.release.xcconfig */,
			);
			name = Pods;
			sourceTree = "<group>";
		};
		FA038050910F263F495BFF6E /* Frameworks */ = {
			isa = PBXGroup;
			children = (
				7B2CA824DB150F628ACA92AC /* Pods_Bought.framework */,
			);
			name = Frameworks;
			sourceTree = "<group>";
		};
/* End PBXGroup section */

/* Begin PBXNativeTarget section */
		D3DAF96E202A6343009DA521 /* Bought */ = {
			isa = PBXNativeTarget;
			buildConfigurationList = D3DAF981202A6343009DA521 /* Build configuration list for PBXNativeTarget "Bought" */;
			buildPhases = (
				B9E5CF0285E9F3419988B5B0 /* [CP] Check Pods Manifest.lock */,
				D3DAF96B202A6343009DA521 /* Sources */,
				D3DAF96C202A6343009DA521 /* Frameworks */,
				D3DAF96D202A6343009DA521 /* Resources */,
				84EE57CD4C7E261BCAD0AEA1 /* [CP] Embed Pods Frameworks */,
				57933B6E9C32967EEF16FECB /* [CP] Copy Pods Resources */,
			);
			buildRules = (
			);
			dependencies = (
			);
			name = Bought;
			productName = Bought;
			productReference = D3DAF96F202A6343009DA521 /* Bought.app */;
			productType = "com.apple.product-type.application";
		};
/* End PBXNativeTarget section */

/* Begin PBXProject section */
		D3DAF967202A6342009DA521 /* Project object */ = {
			isa = PBXProject;
			attributes = {
				LastSwiftUpdateCheck = 0900;
				LastUpgradeCheck = 0900;
				ORGANIZATIONNAME = "Marx, Brian";
				TargetAttributes = {
					D3DAF96E202A6343009DA521 = {
						CreatedOnToolsVersion = 9.0;
						ProvisioningStyle = Automatic;
					};
				};
			};
			buildConfigurationList = D3DAF96A202A6342009DA521 /* Build configuration list for PBXProject "Bought" */;
			compatibilityVersion = "Xcode 8.0";
			developmentRegion = en;
			hasScannedForEncodings = 0;
			knownRegions = (
				en,
				Base,
			);
			mainGroup = D3DAF966202A6342009DA521;
			productRefGroup = D3DAF970202A6343009DA521 /* Products */;
			projectDirPath = "";
			projectRoot = "";
			targets = (
				D3DAF96E202A6343009DA521 /* Bought */,
			);
		};
/* End PBXProject section */

/* Begin PBXResourcesBuildPhase section */
		D3DAF96D202A6343009DA521 /* Resources */ = {
			isa = PBXResourcesBuildPhase;
			buildActionMask = 2147483647;
			files = (
				D3DAF97D202A6343009DA521 /* LaunchScreen.storyboard in Resources */,
				D3EE9D6E202A6B6F00F8ED6C /* GoogleService-Info.plist in Resources */,
				D3DAF97A202A6343009DA521 /* Assets.xcassets in Resources */,
				D3DAF978202A6343009DA521 /* Main.storyboard in Resources */,
			);
			runOnlyForDeploymentPostprocessing = 0;
		};
/* End PBXResourcesBuildPhase section */

/* Begin PBXShellScriptBuildPhase section */
		57933B6E9C32967EEF16FECB /* [CP] Copy Pods Resources */ = {
			isa = PBXShellScriptBuildPhase;
			buildActionMask = 2147483647;
			files = (
			);
			inputPaths = (
			);
			name = "[CP] Copy Pods Resources";
			outputPaths = (
			);
			runOnlyForDeploymentPostprocessing = 0;
			shellPath = /bin/sh;
			shellScript = "\"${SRCROOT}/Pods/Target Support Files/Pods-Bought/Pods-Bought-resources.sh\"\n";
			showEnvVarsInLog = 0;
		};
		84EE57CD4C7E261BCAD0AEA1 /* [CP] Embed Pods Frameworks */ = {
			isa = PBXShellScriptBuildPhase;
			buildActionMask = 2147483647;
			files = (
			);
			inputPaths = (
			);
			name = "[CP] Embed Pods Frameworks";
			outputPaths = (
			);
			runOnlyForDeploymentPostprocessing = 0;
			shellPath = /bin/sh;
			shellScript = "\"${SRCROOT}/Pods/Target Support Files/Pods-Bought/Pods-Bought-frameworks.sh\"\n";
			showEnvVarsInLog = 0;
		};
		B9E5CF0285E9F3419988B5B0 /* [CP] Check Pods Manifest.lock */ = {
			isa = PBXShellScriptBuildPhase;
			buildActionMask = 2147483647;
			files = (
			);
			inputPaths = (
			);
			name = "[CP] Check Pods Manifest.lock";
			outputPaths = (
			);
			runOnlyForDeploymentPostprocessing = 0;
			shellPath = /bin/sh;
			shellScript = "diff \"${PODS_PODFILE_DIR_PATH}/Podfile.lock\" \"${PODS_ROOT}/Manifest.lock\" > /dev/null\nif [ $? != 0 ] ; then\n    # print error to STDERR\n    echo \"error: The sandbox is not in sync with the Podfile.lock. Run 'pod install' or update your CocoaPods installation.\" >&2\n    exit 1\nfi\n";
			showEnvVarsInLog = 0;
		};
/* End PBXShellScriptBuildPhase section */

/* Begin PBXSourcesBuildPhase section */
		D3DAF96B202A6343009DA521 /* Sources */ = {
			isa = PBXSourcesBuildPhase;
			buildActionMask = 2147483647;
			files = (
				D3EE9D70202B2D4E00F8ED6C /* LoginViewController.swift in Sources */,
				D3EE9D72202B2D5F00F8ED6C /* RegisterViewController.swift in Sources */,
				D34302AF209BA249006D48FC /* TripTableViewController.swift in Sources */,
				D3EE9D74202B793700F8ED6C /* TripModel.swift in Sources */,
				D3ADEBCB2048BA7A000EF54B /* EditItemViewController.swift in Sources */,
				D3EE9D6D202A650500F8ED6C /* WelcomeViewController.swift in Sources */,
				D3EE9D76202B79FF00F8ED6C /* Item.swift in Sources */,
				D3DAF973202A6343009DA521 /* AppDelegate.swift in Sources */,
				D3EE9D78202B84C200F8ED6C /* ListTableViewController.swift in Sources */,
			);
			runOnlyForDeploymentPostprocessing = 0;
		};
/* End PBXSourcesBuildPhase section */

/* Begin PBXVariantGroup section */
		D3DAF976202A6343009DA521 /* Main.storyboard */ = {
			isa = PBXVariantGroup;
			children = (
				D3DAF977202A6343009DA521 /* Base */,
			);
			name = Main.storyboard;
			sourceTree = "<group>";
		};
		D3DAF97B202A6343009DA521 /* LaunchScreen.storyboard */ = {
			isa = PBXVariantGroup;
			children = (
				D3DAF97C202A6343009DA521 /* Base */,
			);
			name = LaunchScreen.storyboard;
			sourceTree = "<group>";
		};
/* End PBXVariantGroup section */

/* Begin XCBuildConfiguration section */
		D3DAF97F202A6343009DA521 /* Debug */ = {
			isa = XCBuildConfiguration;
			buildSettings = {
				ALWAYS_SEARCH_USER_PATHS = NO;
				CLANG_ANALYZER_NONNULL = YES;
				CLANG_ANALYZER_NUMBER_OBJECT_CONVERSION = YES_AGGRESSIVE;
				CLANG_CXX_LANGUAGE_STANDARD = "gnu++14";
				CLANG_CXX_LIBRARY = "libc++";
				CLANG_ENABLE_MODULES = YES;
				CLANG_ENABLE_OBJC_ARC = YES;
				CLANG_WARN_BLOCK_CAPTURE_AUTORELEASING = YES;
				CLANG_WARN_BOOL_CONVERSION = YES;
				CLANG_WARN_COMMA = YES;
				CLANG_WARN_CONSTANT_CONVERSION = YES;
				CLANG_WARN_DIRECT_OBJC_ISA_USAGE = YES_ERROR;
				CLANG_WARN_DOCUMENTATION_COMMENTS = YES;
				CLANG_WARN_EMPTY_BODY = YES;
				CLANG_WARN_ENUM_CONVERSION = YES;
				CLANG_WARN_INFINITE_RECURSION = YES;
				CLANG_WARN_INT_CONVERSION = YES;
				CLANG_WARN_NON_LITERAL_NULL_CONVERSION = YES;
				CLANG_WARN_OBJC_LITERAL_CONVERSION = YES;
				CLANG_WARN_OBJC_ROOT_CLASS = YES_ERROR;
				CLANG_WARN_RANGE_LOOP_ANALYSIS = YES;
				CLANG_WARN_STRICT_PROTOTYPES = YES;
				CLANG_WARN_SUSPICIOUS_MOVE = YES;
				CLANG_WARN_UNGUARDED_AVAILABILITY = YES_AGGRESSIVE;
				CLANG_WARN_UNREACHABLE_CODE = YES;
				CLANG_WARN__DUPLICATE_METHOD_MATCH = YES;
				CODE_SIGN_IDENTITY = "iPhone Developer";
				COPY_PHASE_STRIP = NO;
				DEBUG_INFORMATION_FORMAT = dwarf;
				ENABLE_STRICT_OBJC_MSGSEND = YES;
				ENABLE_TESTABILITY = YES;
				GCC_C_LANGUAGE_STANDARD = gnu11;
				GCC_DYNAMIC_NO_PIC = NO;
				GCC_NO_COMMON_BLOCKS = YES;
				GCC_OPTIMIZATION_LEVEL = 0;
				GCC_PREPROCESSOR_DEFINITIONS = (
					"DEBUG=1",
					"$(inherited)",
				);
				GCC_WARN_64_TO_32_BIT_CONVERSION = YES;
				GCC_WARN_ABOUT_RETURN_TYPE = YES_ERROR;
				GCC_WARN_UNDECLARED_SELECTOR = YES;
				GCC_WARN_UNINITIALIZED_AUTOS = YES_AGGRESSIVE;
				GCC_WARN_UNUSED_FUNCTION = YES;
				GCC_WARN_UNUSED_VARIABLE = YES;
				IPHONEOS_DEPLOYMENT_TARGET = 11.0;
				MTL_ENABLE_DEBUG_INFO = YES;
				ONLY_ACTIVE_ARCH = YES;
				SDKROOT = iphoneos;
				SWIFT_ACTIVE_COMPILATION_CONDITIONS = DEBUG;
				SWIFT_OPTIMIZATION_LEVEL = "-Onone";
			};
			name = Debug;
		};
		D3DAF980202A6343009DA521 /* Release */ = {
			isa = XCBuildConfiguration;
			buildSettings = {
				ALWAYS_SEARCH_USER_PATHS = NO;
				CLANG_ANALYZER_NONNULL = YES;
				CLANG_ANALYZER_NUMBER_OBJECT_CONVERSION = YES_AGGRESSIVE;
				CLANG_CXX_LANGUAGE_STANDARD = "gnu++14";
				CLANG_CXX_LIBRARY = "libc++";
				CLANG_ENABLE_MODULES = YES;
				CLANG_ENABLE_OBJC_ARC = YES;
				CLANG_WARN_BLOCK_CAPTURE_AUTORELEASING = YES;
				CLANG_WARN_BOOL_CONVERSION = YES;
				CLANG_WARN_COMMA = YES;
				CLANG_WARN_CONSTANT_CONVERSION = YES;
				CLANG_WARN_DIRECT_OBJC_ISA_USAGE = YES_ERROR;
				CLANG_WARN_DOCUMENTATION_COMMENTS = YES;
				CLANG_WARN_EMPTY_BODY = YES;
				CLANG_WARN_ENUM_CONVERSION = YES;
				CLANG_WARN_INFINITE_RECURSION = YES;
				CLANG_WARN_INT_CONVERSION = YES;
				CLANG_WARN_NON_LITERAL_NULL_CONVERSION = YES;
				CLANG_WARN_OBJC_LITERAL_CONVERSION = YES;
				CLANG_WARN_OBJC_ROOT_CLASS = YES_ERROR;
				CLANG_WARN_RANGE_LOOP_ANALYSIS = YES;
				CLANG_WARN_STRICT_PROTOTYPES = YES;
				CLANG_WARN_SUSPICIOUS_MOVE = YES;
				CLANG_WARN_UNGUARDED_AVAILABILITY = YES_AGGRESSIVE;
				CLANG_WARN_UNREACHABLE_CODE = YES;
				CLANG_WARN__DUPLICATE_METHOD_MATCH = YES;
				CODE_SIGN_IDENTITY = "iPhone Developer";
				COPY_PHASE_STRIP = NO;
				DEBUG_INFORMATION_FORMAT = "dwarf-with-dsym";
				ENABLE_NS_ASSERTIONS = NO;
				ENABLE_STRICT_OBJC_MSGSEND = YES;
				GCC_C_LANGUAGE_STANDARD = gnu11;
				GCC_NO_COMMON_BLOCKS = YES;
				GCC_WARN_64_TO_32_BIT_CONVERSION = YES;
				GCC_WARN_ABOUT_RETURN_TYPE = YES_ERROR;
				GCC_WARN_UNDECLARED_SELECTOR = YES;
				GCC_WARN_UNINITIALIZED_AUTOS = YES_AGGRESSIVE;
				GCC_WARN_UNUSED_FUNCTION = YES;
				GCC_WARN_UNUSED_VARIABLE = YES;
				IPHONEOS_DEPLOYMENT_TARGET = 11.0;
				MTL_ENABLE_DEBUG_INFO = NO;
				SDKROOT = iphoneos;
				SWIFT_OPTIMIZATION_LEVEL = "-Owholemodule";
				VALIDATE_PRODUCT = YES;
			};
			name = Release;
		};
		D3DAF982202A6343009DA521 /* Debug */ = {
			isa = XCBuildConfiguration;
			baseConfigurationReference = B095EDDDD7CF2F156CE1F0DB /* Pods-Bought.debug.xcconfig */;
			buildSettings = {
				ASSETCATALOG_COMPILER_APPICON_NAME = AppIcon;
				CODE_SIGN_STYLE = Automatic;
				DEVELOPMENT_TEAM = 6W3F7S8Q67;
				INFOPLIST_FILE = Bought/Info.plist;
				LD_RUNPATH_SEARCH_PATHS = "$(inherited) @executable_path/Frameworks";
				PRODUCT_BUNDLE_IDENTIFIER = bmarx.Bought;
				PRODUCT_NAME = "$(TARGET_NAME)";
				SWIFT_VERSION = 4.0;
				TARGETED_DEVICE_FAMILY = "1,2";
			};
			name = Debug;
		};
		D3DAF983202A6343009DA521 /* Release */ = {
			isa = XCBuildConfiguration;
			baseConfigurationReference = BB0A1B50AD21636010C171B9 /* Pods-Bought.release.xcconfig */;
			buildSettings = {
				ASSETCATALOG_COMPILER_APPICON_NAME = AppIcon;
				CODE_SIGN_STYLE = Automatic;
				DEVELOPMENT_TEAM = 6W3F7S8Q67;
				INFOPLIST_FILE = Bought/Info.plist;
				LD_RUNPATH_SEARCH_PATHS = "$(inherited) @executable_path/Frameworks";
				PRODUCT_BUNDLE_IDENTIFIER = bmarx.Bought;
				PRODUCT_NAME = "$(TARGET_NAME)";
				SWIFT_VERSION = 4.0;
				TARGETED_DEVICE_FAMILY = "1,2";
			};
			name = Release;
		};
/* End XCBuildConfiguration section */

/* Begin XCConfigurationList section */
		D3DAF96A202A6342009DA521 /* Build configuration list for PBXProject "Bought" */ = {
			isa = XCConfigurationList;
			buildConfigurations = (
				D3DAF97F202A6343009DA521 /* Debug */,
				D3DAF980202A6343009DA521 /* Release */,
			);
			defaultConfigurationIsVisible = 0;
			defaultConfigurationName = Release;
		};
		D3DAF981202A6343009DA521 /* Build configuration list for PBXNativeTarget "Bought" */ = {
			isa = XCConfigurationList;
			buildConfigurations = (
				D3DAF982202A6343009DA521 /* Debug */,
				D3DAF983202A6343009DA521 /* Release */,
			);
			defaultConfigurationIsVisible = 0;
			defaultConfigurationName = Release;
		};
/* End XCConfigurationList section */
	};
	rootObject = D3DAF967202A6342009DA521 /* Project object */;
}
